
Microsoft Visual Studio Solution File, Format Version 12.00
# Visual Studio Version 17
VisualStudioVersion = 17.9.34701.34
MinimumVisualStudioVersion = 10.0.40219.1
Project("{FAE04EC0-301F-11D3-BF4B-00C04F79EFBC}") = "UserService", "UserService\UserService.csproj", "{D5EF4676-56D0-4FF6-8844-9D5A98341265}"
EndProject
Global
	GlobalSection(SolutionConfigurationPlatforms) = preSolution
		Debug|Any CPU = Debug|Any CPU
		Release|Any CPU = Release|Any CPU
	EndGlobalSection
	GlobalSection(ProjectConfigurationPlatforms) = postSolution
		{D5EF4676-56D0-4FF6-8844-9D5A98341265}.Debug|Any CPU.ActiveCfg = Debug|Any CPU
		{D5EF4676-56D0-4FF6-8844-9D5A98341265}.Debug|Any CPU.Build.0 = Debug|Any CPU
		{D5EF4676-56D0-4FF6-8844-9D5A98341265}.Release|Any CPU.ActiveCfg = Release|Any CPU
		{D5EF4676-56D0-4FF6-8844-9D5A98341265}.Release|Any CPU.Build.0 = Release|Any CPU
	EndGlobalSection
	GlobalSection(SolutionProperties) = preSolution
		HideSolutionNode = FALSE
	EndGlobalSection
	GlobalSection(ExtensibilityGlobals) = postSolution
		SolutionGuid = {30C5DDF1-F163-4563-9BAF-813151720D66}
	EndGlobalSection
EndGlobal
